// !$*UTF8*$!
{
	archiveVersion = 1;
	classes = {
	};
	objectVersion = 46;
	objects = {

/* Begin PBXBuildFile section */
		43B7902916A454F6003BCDA4 /* UIKit.framework in Frameworks */ = {isa = PBXBuildFile; fileRef = 43B7902816A454F6003BCDA4 /* UIKit.framework */; };
		43B7902B16A454F6003BCDA4 /* Foundation.framework in Frameworks */ = {isa = PBXBuildFile; fileRef = 43B7902A16A454F6003BCDA4 /* Foundation.framework */; };
		43B7902D16A454F6003BCDA4 /* CoreGraphics.framework in Frameworks */ = {isa = PBXBuildFile; fileRef = 43B7902C16A454F6003BCDA4 /* CoreGraphics.framework */; };
		43B7903316A454F6003BCDA4 /* InfoPlist.strings in Resources */ = {isa = PBXBuildFile; fileRef = 43B7903116A454F6003BCDA4 /* InfoPlist.strings */; };
		43B7903516A454F6003BCDA4 /* main.m in Sources */ = {isa = PBXBuildFile; fileRef = 43B7903416A454F6003BCDA4 /* main.m */; };
		43B7903916A454F6003BCDA4 /* AppDelegate.m in Sources */ = {isa = PBXBuildFile; fileRef = 43B7903816A454F6003BCDA4 /* AppDelegate.m */; };
		43B7903B16A454F6003BCDA4 /* Default.png in Resources */ = {isa = PBXBuildFile; fileRef = 43B7903A16A454F6003BCDA4 /* Default.png */; };
		43B7903D16A454F6003BCDA4 /* Default@2x.png in Resources */ = {isa = PBXBuildFile; fileRef = 43B7903C16A454F6003BCDA4 /* Default@2x.png */; };
		43B7903F16A454F6003BCDA4 /* Default-568h@2x.png in Resources */ = {isa = PBXBuildFile; fileRef = 43B7903E16A454F6003BCDA4 /* Default-568h@2x.png */; };
		43B7904216A454F6003BCDA4 /* MainStoryboard.storyboard in Resources */ = {isa = PBXBuildFile; fileRef = 43B7904016A454F6003BCDA4 /* MainStoryboard.storyboard */; };
		43B7904516A454F6003BCDA4 /* ViewController.m in Sources */ = {isa = PBXBuildFile; fileRef = 43B7904416A454F6003BCDA4 /* ViewController.m */; };
		43B7904D16A45D8F003BCDA4 /* libxml2.dylib in Frameworks */ = {isa = PBXBuildFile; fileRef = 43B7904C16A45D8F003BCDA4 /* libxml2.dylib */; };
/* End PBXBuildFile section */

/* Begin PBXFileReference section */
		43B7902416A454F6003BCDA4 /* MakeXML.app */ = {isa = PBXFileReference; explicitFileType = wrapper.application; includeInIndex = 0; path = MakeXML.app; sourceTree = BUILT_PRODUCTS_DIR; };
		43B7902816A454F6003BCDA4 /* UIKit.framework */ = {isa = PBXFileReference; lastKnownFileType = wrapper.framework; name = UIKit.framework; path = System/Library/Frameworks/UIKit.framework; sourceTree = SDKROOT; };
		43B7902A16A454F6003BCDA4 /* Foundation.framework */ = {isa = PBXFileReference; lastKnownFileType = wrapper.framework; name = Foundation.framework; path = System/Library/Frameworks/Foundation.framework; sourceTree = SDKROOT; };
		43B7902C16A454F6003BCDA4 /* CoreGraphics.framework */ = {isa = PBXFileReference; lastKnownFileType = wrapper.framework; name = CoreGraphics.framework; path = System/Library/Frameworks/CoreGraphics.framework; sourceTree = SDKROOT; };
		43B7903016A454F6003BCDA4 /* MakeXML-Info.plist */ = {isa = PBXFileReference; lastKnownFileType = text.plist.xml; path = "MakeXML-Info.plist"; sourceTree = "<group>"; };
		43B7903216A454F6003BCDA4 /* en */ = {isa = PBXFileReference; lastKnownFileType = text.plist.strings; name = en; path = en.lproj/InfoPlist.strings; sourceTree = "<group>"; };
		43B7903416A454F6003BCDA4 /* main.m */ = {isa = PBXFileReference; lastKnownFileType = sourcecode.c.objc; path = main.m; sourceTree = "<group>"; };
		43B7903616A454F6003BCDA4 /* MakeXML-Prefix.pch */ = {isa = PBXFileReference; lastKnownFileType = sourcecode.c.h; path = "MakeXML-Prefix.pch"; sourceTree = "<group>"; };
		43B7903716A454F6003BCDA4 /* AppDelegate.h */ = {isa = PBXFileReference; lastKnownFileType = sourcecode.c.h; path = AppDelegate.h; sourceTree = "<group>"; };
		43B7903816A454F6003BCDA4 /* AppDelegate.m */ = {isa = PBXFileReference; lastKnownFileType = sourcecode.c.objc; path = AppDelegate.m; sourceTree = "<group>"; };
		43B7903A16A454F6003BCDA4 /* Default.png */ = {isa = PBXFileReference; lastKnownFileType = image.png; path = Default.png; sourceTree = "<group>"; };
		43B7903C16A454F6003BCDA4 /* Default@2x.png */ = {isa = PBXFileReference; lastKnownFileType = image.png; path = "Default@2x.png"; sourceTree = "<group>"; };
		43B7903E16A454F6003BCDA4 /* Default-568h@2x.png */ = {isa = PBXFileReference; lastKnownFileType = image.png; path = "Default-568h@2x.png"; sourceTree = "<group>"; };
		43B7904116A454F6003BCDA4 /* en */ = {isa = PBXFileReference; lastKnownFileType = file.storyboard; name = en; path = en.lproj/MainStoryboard.storyboard; sourceTree = "<group>"; };
		43B7904316A454F6003BCDA4 /* ViewController.h */ = {isa = PBXFileReference; lastKnownFileType = sourcecode.c.h; path = ViewController.h; sourceTree = "<group>"; };
		43B7904416A454F6003BCDA4 /* ViewController.m */ = {isa = PBXFileReference; lastKnownFileType = sourcecode.c.objc; path = ViewController.m; sourceTree = "<group>"; };
		43B7904C16A45D8F003BCDA4 /* libxml2.dylib */ = {isa = PBXFileReference; lastKnownFileType = "compiled.mach-o.dylib"; name = libxml2.dylib; path = usr/lib/libxml2.dylib; sourceTree = SDKROOT; };
/* End PBXFileReference section */

/* Begin PBXFrameworksBuildPhase section */
		43B7902116A454F6003BCDA4 /* Frameworks */ = {
			isa = PBXFrameworksBuildPhase;
			buildActionMask = 2147483647;
			files = (
				43B7904D16A45D8F003BCDA4 /* libxml2.dylib in Frameworks */,
				43B7902916A454F6003BCDA4 /* UIKit.framework in Frameworks */,
				43B7902B16A454F6003BCDA4 /* Foundation.framework in Frameworks */,
				43B7902D16A454F6003BCDA4 /* CoreGraphics.framework in Frameworks */,
			);
			runOnlyForDeploymentPostprocessing = 0;
		};
/* End PBXFrameworksBuildPhase section */

/* Begin PBXGroup section */
		43B7901916A454F6003BCDA4 = {
			isa = PBXGroup;
			children = (
				43B7904B16A45507003BCDA4 /* C Libs */,
				43B7902E16A454F6003BCDA4 /* MakeXML */,
				43B7902716A454F6003BCDA4 /* Frameworks */,
				43B7902516A454F6003BCDA4 /* Products */,
			);
			sourceTree = "<group>";
		};
		43B7902516A454F6003BCDA4 /* Products */ = {
			isa = PBXGroup;
			children = (
				43B7902416A454F6003BCDA4 /* MakeXML.app */,
			);
			name = Products;
			sourceTree = "<group>";
		};
		43B7902716A454F6003BCDA4 /* Frameworks */ = {
			isa = PBXGroup;
			children = (
				43B7902816A454F6003BCDA4 /* UIKit.framework */,
				43B7902A16A454F6003BCDA4 /* Foundation.framework */,
				43B7902C16A454F6003BCDA4 /* CoreGraphics.framework */,
			);
			name = Frameworks;
			sourceTree = "<group>";
		};
		43B7902E16A454F6003BCDA4 /* MakeXML */ = {
			isa = PBXGroup;
			children = (
				43B7903716A454F6003BCDA4 /* AppDelegate.h */,
				43B7903816A454F6003BCDA4 /* AppDelegate.m */,
				43B7904016A454F6003BCDA4 /* MainStoryboard.storyboard */,
				43B7904316A454F6003BCDA4 /* ViewController.h */,
				43B7904416A454F6003BCDA4 /* ViewController.m */,
				43B7902F16A454F6003BCDA4 /* Supporting Files */,
			);
			path = MakeXML;
			sourceTree = "<group>";
		};
		43B7902F16A454F6003BCDA4 /* Supporting Files */ = {
			isa = PBXGroup;
			children = (
				43B7903016A454F6003BCDA4 /* MakeXML-Info.plist */,
				43B7903116A454F6003BCDA4 /* InfoPlist.strings */,
				43B7903416A454F6003BCDA4 /* main.m */,
				43B7903616A454F6003BCDA4 /* MakeXML-Prefix.pch */,
				43B7903A16A454F6003BCDA4 /* Default.png */,
				43B7903C16A454F6003BCDA4 /* Default@2x.png */,
				43B7903E16A454F6003BCDA4 /* Default-568h@2x.png */,
			);
			name = "Supporting Files";
			sourceTree = "<group>";
		};
		43B7904B16A45507003BCDA4 /* C Libs */ = {
			isa = PBXGroup;
			children = (
				43B7904C16A45D8F003BCDA4 /* libxml2.dylib */,
			);
			name = "C Libs";
			sourceTree = "<group>";
		};
/* End PBXGroup section */

/* Begin PBXNativeTarget section */
		43B7902316A454F6003BCDA4 /* MakeXML */ = {
			isa = PBXNativeTarget;
			buildConfigurationList = 43B7904816A454F6003BCDA4 /* Build configuration list for PBXNativeTarget "MakeXML" */;
			buildPhases = (
				43B7902016A454F6003BCDA4 /* Sources */,
				43B7902116A454F6003BCDA4 /* Frameworks */,
				43B7902216A454F6003BCDA4 /* Resources */,
			);
			buildRules = (
			);
			dependencies = (
			);
			name = MakeXML;
			productName = MakeXML;
			productReference = 43B7902416A454F6003BCDA4 /* MakeXML.app */;
			productType = "com.apple.product-type.application";
		};
/* End PBXNativeTarget section */

/* Begin PBXProject section */
		43B7901B16A454F6003BCDA4 /* Project object */ = {
			isa = PBXProject;
			attributes = {
				LastUpgradeCheck = 0450;
				ORGANIZATIONNAME = "Patrick Alessi";
			};
			buildConfigurationList = 43B7901E16A454F6003BCDA4 /* Build configuration list for PBXProject "MakeXML" */;
			compatibilityVersion = "Xcode 3.2";
			developmentRegion = English;
			hasScannedForEncodings = 0;
			knownRegions = (
				en,
			);
			mainGroup = 43B7901916A454F6003BCDA4;
			productRefGroup = 43B7902516A454F6003BCDA4 /* Products */;
			projectDirPath = "";
			projectRoot = "";
			targets = (
				43B7902316A454F6003BCDA4 /* MakeXML */,
			);
		};
/* End PBXProject section */

/* Begin PBXResourcesBuildPhase section */
		43B7902216A454F6003BCDA4 /* Resources */ = {
			isa = PBXResourcesBuildPhase;
			buildActionMask = 2147483647;
			files = (
				43B7903316A454F6003BCDA4 /* InfoPlist.strings in Resources */,
				43B7903B16A454F6003BCDA4 /* Default.png in Resources */,
				43B7903D16A454F6003BCDA4 /* Default@2x.png in Resources */,
				43B7903F16A454F6003BCDA4 /* Default-568h@2x.png in Resources */,
				43B7904216A454F6003BCDA4 /* MainStoryboard.storyboard in Resources */,
			);
			runOnlyForDeploymentPostprocessing = 0;
		};
/* End PBXResourcesBuildPhase section */

/* Begin PBXSourcesBuildPhase section */
		43B7902016A454F6003BCDA4 /* Sources */ = {
			isa = PBXSourcesBuildPhase;
			buildActionMask = 2147483647;
			files = (
				43B7903516A454F6003BCDA4 /* main.m in Sources */,
				43B7903916A454F6003BCDA4 /* AppDelegate.m in Sources */,
				43B7904516A454F6003BCDA4 /* ViewController.m in Sources */,
			);
			runOnlyForDeploymentPostprocessing = 0;
		};
/* End PBXSourcesBuildPhase section */

/* Begin PBXVariantGroup section */
		43B7903116A454F6003BCDA4 /* InfoPlist.strings */ = {
			isa = PBXVariantGroup;
			children = (
				43B7903216A454F6003BCDA4 /* en */,
			);
			name = InfoPlist.strings;
			sourceTree = "<group>";
		};
		43B7904016A454F6003BCDA4 /* MainStoryboard.storyboard */ = {
			isa = PBXVariantGroup;
			children = (
				43B7904116A454F6003BCDA4 /* en */,
			);
			name = MainStoryboard.storyboard;
			sourceTree = "<group>";
		};
/* End PBXVariantGroup section */

/* Begin XCBuildConfiguration section */
		43B7904616A454F6003BCDA4 /* Debug */ = {
			isa = XCBuildConfiguration;
			buildSettings = {
				ALWAYS_SEARCH_USER_PATHS = NO;
				CLANG_CXX_LANGUAGE_STANDARD = "gnu++0x";
				CLANG_CXX_LIBRARY = "libc++";
				CLANG_ENABLE_OBJC_ARC = YES;
				CLANG_WARN_EMPTY_BODY = YES;
				CLANG_WARN__DUPLICATE_METHOD_MATCH = YES;
				"CODE_SIGN_IDENTITY[sdk=iphoneos*]" = "iPhone Developer";
				COPY_PHASE_STRIP = NO;
				GCC_C_LANGUAGE_STANDARD = gnu99;
				GCC_DYNAMIC_NO_PIC = NO;
				GCC_OPTIMIZATION_LEVEL = 0;
				GCC_PREPROCESSOR_DEFINITIONS = (
					"DEBUG=1",
					"$(inherited)",
				);
				GCC_SYMBOLS_PRIVATE_EXTERN = NO;
				GCC_WARN_ABOUT_RETURN_TYPE = YES;
				GCC_WARN_UNINITIALIZED_AUTOS = YES;
				GCC_WARN_UNUSED_VARIABLE = YES;
				IPHONEOS_DEPLOYMENT_TARGET = 6.0;
				SDKROOT = iphoneos;
			};
			name = Debug;
		};
		43B7904716A454F6003BCDA4 /* Release */ = {
			isa = XCBuildConfiguration;
			buildSettings = {
				ALWAYS_SEARCH_USER_PATHS = NO;
				CLANG_CXX_LANGUAGE_STANDARD = "gnu++0x";
				CLANG_CXX_LIBRARY = "libc++";
				CLANG_ENABLE_OBJC_ARC = YES;
				CLANG_WARN_EMPTY_BODY = YES;
				CLANG_WARN__DUPLICATE_METHOD_MATCH = YES;
				"CODE_SIGN_IDENTITY[sdk=iphoneos*]" = "iPhone Developer";
				COPY_PHASE_STRIP = YES;
				GCC_C_LANGUAGE_STANDARD = gnu99;
				GCC_WARN_ABOUT_RETURN_TYPE = YES;
				GCC_WARN_UNINITIALIZED_AUTOS = YES;
				GCC_WARN_UNUSED_VARIABLE = YES;
				IPHONEOS_DEPLOYMENT_TARGET = 6.0;
				OTHER_CFLAGS = "-DNS_BLOCK_ASSERTIONS=1";
				SDKROOT = iphoneos;
				VALIDATE_PRODUCT = YES;
			};
			name = Release;
		};
		43B7904916A454F6003BCDA4 /* Debug */ = {
			isa = XCBuildConfiguration;
			buildSettings = {
				ALWAYS_SEARCH_USER_PATHS = NO;
				GCC_PRECOMPILE_PREFIX_HEADER = YES;
				GCC_PREFIX_HEADER = "MakeXML/MakeXML-Prefix.pch";
				HEADER_SEARCH_PATHS = "$SDK_DIR/usr/include/libxml2/**";
				INFOPLIST_FILE = "MakeXML/MakeXML-Info.plist";
				PRODUCT_NAME = "$(TARGET_NAME)";
				WRAPPER_EXTENSION = app;
			};
			name = Debug;
		};
		43B7904A16A454F6003BCDA4 /* Release */ = {
			isa = XCBuildConfiguration;
			buildSettings = {
				ALWAYS_SEARCH_USER_PATHS = NO;
				GCC_PRECOMPILE_PREFIX_HEADER = YES;
				GCC_PREFIX_HEADER = "MakeXML/MakeXML-Prefix.pch";
				HEADER_SEARCH_PATHS = "$SDK_DIR/usr/include/libxml2/**";
				INFOPLIST_FILE = "MakeXML/MakeXML-Info.plist";
				PRODUCT_NAME = "$(TARGET_NAME)";
				WRAPPER_EXTENSION = app;
			};
			name = Release;
		};
/* End XCBuildConfiguration section */

/* Begin XCConfigurationList section */
		43B7901E16A454F6003BCDA4 /* Build configuration list for PBXProject "MakeXML" */ = {
			isa = XCConfigurationList;
			buildConfigurations = (
				43B7904616A454F6003BCDA4 /* Debug */,
				43B7904716A454F6003BCDA4 /* Release */,
			);
			defaultConfigurationIsVisible = 0;
			defaultConfigurationName = Release;
		};
		43B7904816A454F6003BCDA4 /* Build configuration list for PBXNativeTarget "MakeXML" */ = {
			isa = XCConfigurationList;
			buildConfigurations = (
				43B7904916A454F6003BCDA4 /* Debug */,
				43B7904A16A454F6003BCDA4 /* Release */,
			);
			defaultConfigurationIsVisible = 0;
		};
/* End XCConfigurationList section */
	};
	rootObject = 43B7901B16A454F6003BCDA4 /* Project object */;
}
